github.com/imroc/req v0.3.0 h1:3EioagmlSG+z+KySToa+Ylo3pTFZs+jh3Brl7ngU12U=
github.com/imroc/req v0.3.0/go.mod h1:F+NZ+2EFSo6EFXdeIbpfE9hcC233id70kf0byW97Caw=
github.com/tencentyun/tls-sig-api-v2-golang v1.0.0 h1:NavMw9XO2iCLv8hTKaJW2kTaGR2SdNljMABbe39yu6Q=
github.com/tencentyun/tls-sig-api-v2-golang v1.0.0/go.mod h1:u7WiArmCTXTaQAHJwAOaLgpJ5e2xdY5/cgMEy3ubL60=
